
Microsoft Visual Studio Solution File, Format Version 12.00
# Visual Studio Version 17
VisualStudioVersion = 17.4.33205.214
MinimumVisualStudioVersion = 10.0.40219.1
Project("{9A19103F-16F7-4668-BE54-9A1E7A4F7556}") = "DataAccess", "DataAccess\DataAccess.csproj", "{AC3B858A-6724-4742-9505-E92669206AA0}"
EndProject
Project("{9A19103F-16F7-4668-BE54-9A1E7A4F7556}") = "Business", "Business\Business.csproj", "{C3F11C2A-FFBD-46AF-ADE4-27ECB8277A69}"
EndProject
Project("{9A19103F-16F7-4668-BE54-9A1E7A4F7556}") = "Entities", "Entities\Entities.csproj", "{EAA863BE-3FFA-4E6C-A038-0D4933CB7F11}"
EndProject
Project("{9A19103F-16F7-4668-BE54-9A1E7A4F7556}") = "ConsoleUI", "ConsoleUI\ConsoleUI.csproj", "{3C767CEE-9561-4FAD-8C93-CB85C8DA6AFB}"
EndProject
Project("{9A19103F-16F7-4668-BE54-9A1E7A4F7556}") = "Core", "Core\Core.csproj", "{ADD830B1-EB96-4934-A8C7-E9B2B0DF4BE3}"
EndProject
Project("{FAE04EC0-301F-11D3-BF4B-00C04F79EFBC}") = "WebAPI", "WebAPI\WebAPI.csproj", "{D3566942-FD99-452F-875D-6A4BF39322DB}"
EndProject
Global
	GlobalSection(SolutionConfigurationPlatforms) = preSolution
		Debug|Any CPU = Debug|Any CPU
		Release|Any CPU = Release|Any CPU
	EndGlobalSection
	GlobalSection(ProjectConfigurationPlatforms) = postSolution
		{AC3B858A-6724-4742-9505-E92669206AA0}.Debug|Any CPU.ActiveCfg = Debug|Any CPU
		{AC3B858A-6724-4742-9505-E92669206AA0}.Debug|Any CPU.Build.0 = Debug|Any CPU
		{AC3B858A-6724-4742-9505-E92669206AA0}.Release|Any CPU.ActiveCfg = Release|Any CPU
		{AC3B858A-6724-4742-9505-E92669206AA0}.Release|Any CPU.Build.0 = Release|Any CPU
		{C3F11C2A-FFBD-46AF-ADE4-27ECB8277A69}.Debug|Any CPU.ActiveCfg = Debug|Any CPU
		{C3F11C2A-FFBD-46AF-ADE4-27ECB8277A69}.Debug|Any CPU.Build.0 = Debug|Any CPU
		{C3F11C2A-FFBD-46AF-ADE4-27ECB8277A69}.Release|Any CPU.ActiveCfg = Release|Any CPU
		{C3F11C2A-FFBD-46AF-ADE4-27ECB8277A69}.Release|Any CPU.Build.0 = Release|Any CPU
		{EAA863BE-3FFA-4E6C-A038-0D4933CB7F11}.Debug|Any CPU.ActiveCfg = Debug|Any CPU
		{EAA863BE-3FFA-4E6C-A038-0D4933CB7F11}.Debug|Any CPU.Build.0 = Debug|Any CPU
		{EAA863BE-3FFA-4E6C-A038-0D4933CB7F11}.Release|Any CPU.ActiveCfg = Release|Any CPU
		{EAA863BE-3FFA-4E6C-A038-0D4933CB7F11}.Release|Any CPU.Build.0 = Release|Any CPU
		{3C767CEE-9561-4FAD-8C93-CB85C8DA6AFB}.Debug|Any CPU.ActiveCfg = Debug|Any CPU
		{3C767CEE-9561-4FAD-8C93-CB85C8DA6AFB}.Debug|Any CPU.Build.0 = Debug|Any CPU
		{3C767CEE-9561-4FAD-8C93-CB85C8DA6AFB}.Release|Any CPU.ActiveCfg = Release|Any CPU
		{3C767CEE-9561-4FAD-8C93-CB85C8DA6AFB}.Release|Any CPU.Build.0 = Release|Any CPU
		{ADD830B1-EB96-4934-A8C7-E9B2B0DF4BE3}.Debug|Any CPU.ActiveCfg = Debug|Any CPU
		{ADD830B1-EB96-4934-A8C7-E9B2B0DF4BE3}.Debug|Any CPU.Build.0 = Debug|Any CPU
		{ADD830B1-EB96-4934-A8C7-E9B2B0DF4BE3}.Release|Any CPU.ActiveCfg = Release|Any CPU
		{ADD830B1-EB96-4934-A8C7-E9B2B0DF4BE3}.Release|Any CPU.Build.0 = Release|Any CPU
		{D3566942-FD99-452F-875D-6A4BF39322DB}.Debug|Any CPU.ActiveCfg = Debug|Any CPU
		{D3566942-FD99-452F-875D-6A4BF39322DB}.Debug|Any CPU.Build.0 = Debug|Any CPU
		{D3566942-FD99-452F-875D-6A4BF39322DB}.Release|Any CPU.ActiveCfg = Release|Any CPU
		{D3566942-FD99-452F-875D-6A4BF39322DB}.Release|Any CPU.Build.0 = Release|Any CPU
	EndGlobalSection
	GlobalSection(SolutionProperties) = preSolution
		HideSolutionNode = FALSE
	EndGlobalSection
	GlobalSection(ExtensibilityGlobals) = postSolution
		SolutionGuid = {2025581D-1D01-46BD-BB3A-F24722836B8B}
	EndGlobalSection
EndGlobal
